<?xml version="1.0" encoding="UTF-8"?>
<Project ToolsVersion="12.0" xmlns="http://schemas.microsoft.com/developer/msbuild/2003">
  <ItemGroup>
    <ClCompile Include="E:\GitCode\Libcurl_Test\src\curl-7.44.0\tests\libtest\lib503.c">
      <Filter>Source Files</Filter>
    </ClCompile>
    <ClCompile Include="E:\GitCode\Libcurl_Test\src\curl-7.44.0\tests\libtest\first.c">
      <Filter>Source Files</Filter>
    </ClCompile>
    <ClCompile Include="E:\GitCode\Libcurl_Test\src\curl-7.44.0\tests\libtest\testutil.c">
      <Filter>Source Files</Filter>
    </ClCompile>
    <ClCompile Include="E:\GitCode\Libcurl_Test\src\curl-7.44.0\lib\warnless.c">
      <Filter>Source Files</Filter>
    </ClCompile>
  </ItemGroup>
  <ItemGroup>
    <ClInclude Include="E:\GitCode\Libcurl_Test\src\curl-7.44.0\tests\libtest\test.h">
      <Filter>Header Files</Filter>
    </ClInclude>
    <ClInclude Include="E:\GitCode\Libcurl_Test\src\curl-7.44.0\tests\libtest\testutil.h">
      <Filter>Header Files</Filter>
    </ClInclude>
    <ClInclude Include="E:\GitCode\Libcurl_Test\src\curl-7.44.0\lib\warnless.h">
      <Filter>Header Files</Filter>
    </ClInclude>
  </ItemGroup>
  <ItemGroup>
    <CustomBuild Include="E:\GitCode\Libcurl_Test\src\curl-7.44.0\tests\libtest\CMakeLists.txt" />
  </ItemGroup>
  <ItemGroup>
    <Filter Include="Source Files">
      <UniqueIdentifier>{DE3D8821-F659-4893-9A1C-85E24873F79D}</UniqueIdentifier>
    </Filter>
    <Filter Include="Header Files">
      <UniqueIdentifier>{CF62E9F3-547A-4299-91DE-8EFC711B016A}</UniqueIdentifier>
    </Filter>
  </ItemGroup>
</Project>
