<?xml version="1.0" encoding="UTF-8"?>
<Project ToolsVersion="12.0" xmlns="http://schemas.microsoft.com/developer/msbuild/2003">
  <ItemGroup>
    <CustomBuild Include="E:\GitCode\Libcurl_Test\src\vs2013\CMakeFiles\a9e7b9b365e103bc693bb61a3ebf7078\INSTALL_force.rule">
      <Filter>CMake Rules</Filter>
    </CustomBuild>
  </ItemGroup>
  <ItemGroup>
    <Filter Include="CMake Rules">
      <UniqueIdentifier>{EE7F18FC-6397-4C53-AF09-402D0AD8003C}</UniqueIdentifier>
    </Filter>
  </ItemGroup>
</Project>
